
Microsoft Visual Studio Solution File, Format Version 12.00
# Visual Studio Version 17
VisualStudioVersion = 17.4.33205.214
MinimumVisualStudioVersion = 10.0.40219.1
Project("{9A19103F-16F7-4668-BE54-9A1E7A4F7556}") = "Nikklim.App.Navigation", "Nikklim.App.Navigation\Nikklim.App.Navigation.csproj", "{24B4805D-7982-4ED9-89E2-9235975E488A}"
EndProject
Project("{FAE04EC0-301F-11D3-BF4B-00C04F79EFBC}") = "Nikklim.App.Navigation.Tests", "Nikklim.App.Navigation.Tests\Nikklim.App.Navigation.Tests.csproj", "{DE7D5088-0D10-4B73-AC45-510F1A6BA2A2}"
EndProject
Project("{FAE04EC0-301F-11D3-BF4B-00C04F79EFBC}") = "Nikklim.App.Navigation.Abstractions", "Nikklim.App.Navigation.Abstractions\Nikklim.App.Navigation.Abstractions.csproj", "{271FF071-B3A8-4233-9403-0265E28A826F}"
EndProject
Global
	GlobalSection(SolutionConfigurationPlatforms) = preSolution
		Debug|Any CPU = Debug|Any CPU
		Release|Any CPU = Release|Any CPU
	EndGlobalSection
	GlobalSection(ProjectConfigurationPlatforms) = postSolution
		{24B4805D-7982-4ED9-89E2-9235975E488A}.Debug|Any CPU.ActiveCfg = Debug|Any CPU
		{24B4805D-7982-4ED9-89E2-9235975E488A}.Debug|Any CPU.Build.0 = Debug|Any CPU
		{24B4805D-7982-4ED9-89E2-9235975E488A}.Release|Any CPU.ActiveCfg = Release|Any CPU
		{24B4805D-7982-4ED9-89E2-9235975E488A}.Release|Any CPU.Build.0 = Release|Any CPU
		{DE7D5088-0D10-4B73-AC45-510F1A6BA2A2}.Debug|Any CPU.ActiveCfg = Debug|Any CPU
		{DE7D5088-0D10-4B73-AC45-510F1A6BA2A2}.Debug|Any CPU.Build.0 = Debug|Any CPU
		{DE7D5088-0D10-4B73-AC45-510F1A6BA2A2}.Release|Any CPU.ActiveCfg = Release|Any CPU
		{DE7D5088-0D10-4B73-AC45-510F1A6BA2A2}.Release|Any CPU.Build.0 = Release|Any CPU
		{271FF071-B3A8-4233-9403-0265E28A826F}.Debug|Any CPU.ActiveCfg = Debug|Any CPU
		{271FF071-B3A8-4233-9403-0265E28A826F}.Debug|Any CPU.Build.0 = Debug|Any CPU
		{271FF071-B3A8-4233-9403-0265E28A826F}.Release|Any CPU.ActiveCfg = Release|Any CPU
		{271FF071-B3A8-4233-9403-0265E28A826F}.Release|Any CPU.Build.0 = Release|Any CPU
	EndGlobalSection
	GlobalSection(SolutionProperties) = preSolution
		HideSolutionNode = FALSE
	EndGlobalSection
	GlobalSection(ExtensibilityGlobals) = postSolution
		SolutionGuid = {471C68F4-A8B4-4F68-8FDA-8D5074464A16}
	EndGlobalSection
EndGlobal
